
Microsoft Visual Studio Solution File, Format Version 12.00
# Visual Studio Version 16
VisualStudioVersion = 16.0.30128.74
MinimumVisualStudioVersion = 10.0.40219.1
Project("{FAE04EC0-301F-11D3-BF4B-00C04F79EFBC}") = "KsiazkaKucharska", "KsiazkaKucharska\KsiazkaKucharska.csproj", "{C4918FDB-1CDE-49ED-B4E2-EF64974A5B43}"
EndProject
Global
	GlobalSection(SolutionConfigurationPlatforms) = preSolution
		Debug|Any CPU = Debug|Any CPU
		Release|Any CPU = Release|Any CPU
	EndGlobalSection
	GlobalSection(ProjectConfigurationPlatforms) = postSolution
		{C4918FDB-1CDE-49ED-B4E2-EF64974A5B43}.Debug|Any CPU.ActiveCfg = Debug|Any CPU
		{C4918FDB-1CDE-49ED-B4E2-EF64974A5B43}.Debug|Any CPU.Build.0 = Debug|Any CPU
		{C4918FDB-1CDE-49ED-B4E2-EF64974A5B43}.Release|Any CPU.ActiveCfg = Release|Any CPU
		{C4918FDB-1CDE-49ED-B4E2-EF64974A5B43}.Release|Any CPU.Build.0 = Release|Any CPU
	EndGlobalSection
	GlobalSection(SolutionProperties) = preSolution
		HideSolutionNode = FALSE
	EndGlobalSection
	GlobalSection(ExtensibilityGlobals) = postSolution
		SolutionGuid = {275B5DFB-0EA6-479A-A533-C2D3AFE8F95F}
	EndGlobalSection
EndGlobal
